
Microsoft Visual Studio Solution File, Format Version 12.00
# Visual Studio Version 16
VisualStudioVersion = 16.0.29324.140
MinimumVisualStudioVersion = 10.0.40219.1
Project("{9A19103F-16F7-4668-BE54-9A1E7A4F7556}") = "IdentityServer", "IdentityServer\IdentityServer.csproj", "{5037A8B9-5022-4968-ABD7-BCB9AB04F9FA}"
EndProject
Project("{2150E333-8FDC-42A3-9474-1A3956D46DE8}") = "授权中心", "授权中心", "{89F3375F-5332-4AAD-AD11-578609397711}"
EndProject
Project("{2150E333-8FDC-42A3-9474-1A3956D46DE8}") = "第三方客户端", "第三方客户端", "{9BA2D095-D874-4FE3-A334-E57C16DDBC18}"
EndProject
Project("{9A19103F-16F7-4668-BE54-9A1E7A4F7556}") = "Api.Resource", "Api.Resource\Api.Resource.csproj", "{744A5B39-BEEF-4ED5-92A1-514234F9D8B0}"
EndProject
Project("{9A19103F-16F7-4668-BE54-9A1E7A4F7556}") = "Info.Web", "Info.Web\Info.Web.csproj", "{8A078C94-942F-44FC-9419-F561D636C122}"
EndProject
Project("{9A19103F-16F7-4668-BE54-9A1E7A4F7556}") = "OAuth.Admin", "OAuth.Admin\OAuth.Admin.csproj", "{BF395EAB-AE20-444A-BD28-E0E80B2BDC6D}"
EndProject
Project("{2150E333-8FDC-42A3-9474-1A3956D46DE8}") = "Admin", "Admin", "{777A469F-C866-4A3F-A19D-C9E279D2D432}"
EndProject
Project("{9A19103F-16F7-4668-BE54-9A1E7A4F7556}") = "OAuth.Admin.Test", "OAuth.Admin.Test\OAuth.Admin.Test.csproj", "{11348832-5C14-4B21-9980-B946398BCD97}"
EndProject
Project("{9A19103F-16F7-4668-BE54-9A1E7A4F7556}") = "Identity.Admin", "Identity.Admin\Identity.Admin.csproj", "{CA6B7673-FB9B-4153-A848-604A6F0E23BE}"
EndProject
Project("{9A19103F-16F7-4668-BE54-9A1E7A4F7556}") = "Common", "Common\Common.csproj", "{63DF7AE1-20A2-4823-9CC4-3A85285E8631}"
EndProject
Project("{9A19103F-16F7-4668-BE54-9A1E7A4F7556}") = "test", "test\test.csproj", "{56F7ECAB-2383-4F94-AEF3-372846591274}"
EndProject
Project("{2150E333-8FDC-42A3-9474-1A3956D46DE8}") = "SPA", "SPA", "{C63C96CC-1E99-42C6-8A4C-75CFC42D57D9}"
EndProject
Project("{2150E333-8FDC-42A3-9474-1A3956D46DE8}") = "Web", "Web", "{82752B39-4E29-4BE2-9574-4C0FBBB21597}"
EndProject
Project("{2150E333-8FDC-42A3-9474-1A3956D46DE8}") = "CS", "CS", "{EBEE9B38-D535-417E-9DFC-B699839BA1AE}"
EndProject
Project("{2150E333-8FDC-42A3-9474-1A3956D46DE8}") = "App", "App", "{66B0D852-32BB-4924-9C04-DB7978C1889A}"
EndProject
Project("{9A19103F-16F7-4668-BE54-9A1E7A4F7556}") = "Info.SPA", "Info.SPA\Info.SPA.csproj", "{5620A126-F39E-43E0-8BDB-B7862931AE4B}"
EndProject
Project("{2150E333-8FDC-42A3-9474-1A3956D46DE8}") = "Owner", "Owner", "{5058BF9E-006C-4324-800A-A0B91D1A0BC3}"
EndProject
Project("{9A19103F-16F7-4668-BE54-9A1E7A4F7556}") = "Info.Owner", "Info.Owner\Info.Owner.csproj", "{7DC591B6-D3A8-4236-85E8-97506E5700F4}"
EndProject
Project("{2150E333-8FDC-42A3-9474-1A3956D46DE8}") = "Authentication", "Authentication", "{D645E618-7188-454E-9F5C-24739CA75A00}"
EndProject
Project("{9A19103F-16F7-4668-BE54-9A1E7A4F7556}") = "Authentication.GitHub", "Authentication.GitHub\Authentication.GitHub.csproj", "{75458650-4830-4517-ABC2-4C650823046A}"
EndProject
Project("{9A19103F-16F7-4668-BE54-9A1E7A4F7556}") = "Authentication.AliPay", "Authentication.AliPay\Authentication.AliPay.csproj", "{86B5450B-D95A-405F-9568-4B9502668537}"
EndProject
Project("{9A19103F-16F7-4668-BE54-9A1E7A4F7556}") = "Authentication.DingTalk", "Authentication.DingTalk\Authentication.DingTalk.csproj", "{5FD4E2FA-E46D-4F91-93B8-4BC98A7F2E70}"
EndProject
Project("{9A19103F-16F7-4668-BE54-9A1E7A4F7556}") = "Authentication.Gitee", "Authentication.Gitee\Authentication.Gitee.csproj", "{EDA9F3E4-EB6F-4F5F-8150-9644D2C08537}"
EndProject
Project("{9A19103F-16F7-4668-BE54-9A1E7A4F7556}") = "Authentication.Google", "Authentication.Google\Authentication.Google.csproj", "{BBA5B9BA-7CA5-4896-B912-71568E93C599}"
EndProject
Project("{9A19103F-16F7-4668-BE54-9A1E7A4F7556}") = "Authentication.MicroSoft", "Authentication.MicroSoft\Authentication.MicroSoft.csproj", "{F56DAFEE-1F84-4991-A639-6F7A09D7F758}"
EndProject
Project("{9A19103F-16F7-4668-BE54-9A1E7A4F7556}") = "Authentication.QQ", "Authentication.QQ\Authentication.QQ.csproj", "{BE522400-F8FD-452C-A983-C7F496E77F37}"
EndProject
Project("{9A19103F-16F7-4668-BE54-9A1E7A4F7556}") = "Authentication.StackOverflow", "Authentication.StackOverflow\Authentication.StackOverflow.csproj", "{D795734E-07D1-496D-B89E-02CA20FA2755}"
EndProject
Project("{9A19103F-16F7-4668-BE54-9A1E7A4F7556}") = "Authentication.TaoBao", "Authentication.TaoBao\Authentication.TaoBao.csproj", "{EC8E6A37-CE3E-4CDB-B9BD-B4398D66357B}"
EndProject
Project("{9A19103F-16F7-4668-BE54-9A1E7A4F7556}") = "Authentication.WeChat", "Authentication.WeChat\Authentication.WeChat.csproj", "{D6B606BC-F86D-4861-A99C-37B5689C6E1B}"
EndProject
Project("{9A19103F-16F7-4668-BE54-9A1E7A4F7556}") = "Authentication.DouBan", "Authentication.DouBan\Authentication.DouBan.csproj", "{D4B26DC8-0694-4FF1-8496-18C80C37A2B7}"
EndProject
Project("{9A19103F-16F7-4668-BE54-9A1E7A4F7556}") = "Authentication.WeiBo", "Authentication.WeiBo\Authentication.WeiBo.csproj", "{52F752FB-E432-4CD6-809D-0FF1E8767F5C}"
EndProject
Project("{9A19103F-16F7-4668-BE54-9A1E7A4F7556}") = "ClassLibrary1", "ClassLibrary1\ClassLibrary1.csproj", "{09E41724-B36E-40C7-B6CC-BBCF27AF6970}"
EndProject
Project("{FAE04EC0-301F-11D3-BF4B-00C04F79EFBC}") = "Authentication.OAuth", "Authentication.OAuth\Authentication.OAuth.csproj", "{62630D27-420F-43BC-AC04-88215DDCA4B2}"
EndProject
Global
	GlobalSection(SolutionConfigurationPlatforms) = preSolution
		Debug|Any CPU = Debug|Any CPU
		Release|Any CPU = Release|Any CPU
	EndGlobalSection
	GlobalSection(ProjectConfigurationPlatforms) = postSolution
		{5037A8B9-5022-4968-ABD7-BCB9AB04F9FA}.Debug|Any CPU.ActiveCfg = Debug|Any CPU
		{5037A8B9-5022-4968-ABD7-BCB9AB04F9FA}.Debug|Any CPU.Build.0 = Debug|Any CPU
		{5037A8B9-5022-4968-ABD7-BCB9AB04F9FA}.Release|Any CPU.ActiveCfg = Release|Any CPU
		{5037A8B9-5022-4968-ABD7-BCB9AB04F9FA}.Release|Any CPU.Build.0 = Release|Any CPU
		{744A5B39-BEEF-4ED5-92A1-514234F9D8B0}.Debug|Any CPU.ActiveCfg = Debug|Any CPU
		{744A5B39-BEEF-4ED5-92A1-514234F9D8B0}.Debug|Any CPU.Build.0 = Debug|Any CPU
		{744A5B39-BEEF-4ED5-92A1-514234F9D8B0}.Release|Any CPU.ActiveCfg = Release|Any CPU
		{744A5B39-BEEF-4ED5-92A1-514234F9D8B0}.Release|Any CPU.Build.0 = Release|Any CPU
		{8A078C94-942F-44FC-9419-F561D636C122}.Debug|Any CPU.ActiveCfg = Debug|Any CPU
		{8A078C94-942F-44FC-9419-F561D636C122}.Debug|Any CPU.Build.0 = Debug|Any CPU
		{8A078C94-942F-44FC-9419-F561D636C122}.Release|Any CPU.ActiveCfg = Release|Any CPU
		{8A078C94-942F-44FC-9419-F561D636C122}.Release|Any CPU.Build.0 = Release|Any CPU
		{BF395EAB-AE20-444A-BD28-E0E80B2BDC6D}.Debug|Any CPU.ActiveCfg = Debug|Any CPU
		{BF395EAB-AE20-444A-BD28-E0E80B2BDC6D}.Debug|Any CPU.Build.0 = Debug|Any CPU
		{BF395EAB-AE20-444A-BD28-E0E80B2BDC6D}.Release|Any CPU.ActiveCfg = Release|Any CPU
		{BF395EAB-AE20-444A-BD28-E0E80B2BDC6D}.Release|Any CPU.Build.0 = Release|Any CPU
		{11348832-5C14-4B21-9980-B946398BCD97}.Debug|Any CPU.ActiveCfg = Debug|Any CPU
		{11348832-5C14-4B21-9980-B946398BCD97}.Debug|Any CPU.Build.0 = Debug|Any CPU
		{11348832-5C14-4B21-9980-B946398BCD97}.Release|Any CPU.ActiveCfg = Release|Any CPU
		{11348832-5C14-4B21-9980-B946398BCD97}.Release|Any CPU.Build.0 = Release|Any CPU
		{CA6B7673-FB9B-4153-A848-604A6F0E23BE}.Debug|Any CPU.ActiveCfg = Debug|Any CPU
		{CA6B7673-FB9B-4153-A848-604A6F0E23BE}.Debug|Any CPU.Build.0 = Debug|Any CPU
		{CA6B7673-FB9B-4153-A848-604A6F0E23BE}.Release|Any CPU.ActiveCfg = Release|Any CPU
		{CA6B7673-FB9B-4153-A848-604A6F0E23BE}.Release|Any CPU.Build.0 = Release|Any CPU
		{63DF7AE1-20A2-4823-9CC4-3A85285E8631}.Debug|Any CPU.ActiveCfg = Debug|Any CPU
		{63DF7AE1-20A2-4823-9CC4-3A85285E8631}.Debug|Any CPU.Build.0 = Debug|Any CPU
		{63DF7AE1-20A2-4823-9CC4-3A85285E8631}.Release|Any CPU.ActiveCfg = Release|Any CPU
		{63DF7AE1-20A2-4823-9CC4-3A85285E8631}.Release|Any CPU.Build.0 = Release|Any CPU
		{56F7ECAB-2383-4F94-AEF3-372846591274}.Debug|Any CPU.ActiveCfg = Debug|Any CPU
		{56F7ECAB-2383-4F94-AEF3-372846591274}.Debug|Any CPU.Build.0 = Debug|Any CPU
		{56F7ECAB-2383-4F94-AEF3-372846591274}.Release|Any CPU.ActiveCfg = Release|Any CPU
		{56F7ECAB-2383-4F94-AEF3-372846591274}.Release|Any CPU.Build.0 = Release|Any CPU
		{5620A126-F39E-43E0-8BDB-B7862931AE4B}.Debug|Any CPU.ActiveCfg = Debug|Any CPU
		{5620A126-F39E-43E0-8BDB-B7862931AE4B}.Debug|Any CPU.Build.0 = Debug|Any CPU
		{5620A126-F39E-43E0-8BDB-B7862931AE4B}.Release|Any CPU.ActiveCfg = Release|Any CPU
		{5620A126-F39E-43E0-8BDB-B7862931AE4B}.Release|Any CPU.Build.0 = Release|Any CPU
		{7DC591B6-D3A8-4236-85E8-97506E5700F4}.Debug|Any CPU.ActiveCfg = Debug|Any CPU
		{7DC591B6-D3A8-4236-85E8-97506E5700F4}.Debug|Any CPU.Build.0 = Debug|Any CPU
		{7DC591B6-D3A8-4236-85E8-97506E5700F4}.Release|Any CPU.ActiveCfg = Release|Any CPU
		{7DC591B6-D3A8-4236-85E8-97506E5700F4}.Release|Any CPU.Build.0 = Release|Any CPU
		{75458650-4830-4517-ABC2-4C650823046A}.Debug|Any CPU.ActiveCfg = Debug|Any CPU
		{75458650-4830-4517-ABC2-4C650823046A}.Debug|Any CPU.Build.0 = Debug|Any CPU
		{75458650-4830-4517-ABC2-4C650823046A}.Release|Any CPU.ActiveCfg = Release|Any CPU
		{75458650-4830-4517-ABC2-4C650823046A}.Release|Any CPU.Build.0 = Release|Any CPU
		{86B5450B-D95A-405F-9568-4B9502668537}.Debug|Any CPU.ActiveCfg = Debug|Any CPU
		{86B5450B-D95A-405F-9568-4B9502668537}.Debug|Any CPU.Build.0 = Debug|Any CPU
		{86B5450B-D95A-405F-9568-4B9502668537}.Release|Any CPU.ActiveCfg = Release|Any CPU
		{86B5450B-D95A-405F-9568-4B9502668537}.Release|Any CPU.Build.0 = Release|Any CPU
		{5FD4E2FA-E46D-4F91-93B8-4BC98A7F2E70}.Debug|Any CPU.ActiveCfg = Debug|Any CPU
		{5FD4E2FA-E46D-4F91-93B8-4BC98A7F2E70}.Debug|Any CPU.Build.0 = Debug|Any CPU
		{5FD4E2FA-E46D-4F91-93B8-4BC98A7F2E70}.Release|Any CPU.ActiveCfg = Release|Any CPU
		{5FD4E2FA-E46D-4F91-93B8-4BC98A7F2E70}.Release|Any CPU.Build.0 = Release|Any CPU
		{EDA9F3E4-EB6F-4F5F-8150-9644D2C08537}.Debug|Any CPU.ActiveCfg = Debug|Any CPU
		{EDA9F3E4-EB6F-4F5F-8150-9644D2C08537}.Debug|Any CPU.Build.0 = Debug|Any CPU
		{EDA9F3E4-EB6F-4F5F-8150-9644D2C08537}.Release|Any CPU.ActiveCfg = Release|Any CPU
		{EDA9F3E4-EB6F-4F5F-8150-9644D2C08537}.Release|Any CPU.Build.0 = Release|Any CPU
		{BBA5B9BA-7CA5-4896-B912-71568E93C599}.Debug|Any CPU.ActiveCfg = Debug|Any CPU
		{BBA5B9BA-7CA5-4896-B912-71568E93C599}.Debug|Any CPU.Build.0 = Debug|Any CPU
		{BBA5B9BA-7CA5-4896-B912-71568E93C599}.Release|Any CPU.ActiveCfg = Release|Any CPU
		{BBA5B9BA-7CA5-4896-B912-71568E93C599}.Release|Any CPU.Build.0 = Release|Any CPU
		{F56DAFEE-1F84-4991-A639-6F7A09D7F758}.Debug|Any CPU.ActiveCfg = Debug|Any CPU
		{F56DAFEE-1F84-4991-A639-6F7A09D7F758}.Debug|Any CPU.Build.0 = Debug|Any CPU
		{F56DAFEE-1F84-4991-A639-6F7A09D7F758}.Release|Any CPU.ActiveCfg = Release|Any CPU
		{F56DAFEE-1F84-4991-A639-6F7A09D7F758}.Release|Any CPU.Build.0 = Release|Any CPU
		{BE522400-F8FD-452C-A983-C7F496E77F37}.Debug|Any CPU.ActiveCfg = Debug|Any CPU
		{BE522400-F8FD-452C-A983-C7F496E77F37}.Debug|Any CPU.Build.0 = Debug|Any CPU
		{BE522400-F8FD-452C-A983-C7F496E77F37}.Release|Any CPU.ActiveCfg = Release|Any CPU
		{BE522400-F8FD-452C-A983-C7F496E77F37}.Release|Any CPU.Build.0 = Release|Any CPU
		{D795734E-07D1-496D-B89E-02CA20FA2755}.Debug|Any CPU.ActiveCfg = Debug|Any CPU
		{D795734E-07D1-496D-B89E-02CA20FA2755}.Debug|Any CPU.Build.0 = Debug|Any CPU
		{D795734E-07D1-496D-B89E-02CA20FA2755}.Release|Any CPU.ActiveCfg = Release|Any CPU
		{D795734E-07D1-496D-B89E-02CA20FA2755}.Release|Any CPU.Build.0 = Release|Any CPU
		{EC8E6A37-CE3E-4CDB-B9BD-B4398D66357B}.Debug|Any CPU.ActiveCfg = Debug|Any CPU
		{EC8E6A37-CE3E-4CDB-B9BD-B4398D66357B}.Debug|Any CPU.Build.0 = Debug|Any CPU
		{EC8E6A37-CE3E-4CDB-B9BD-B4398D66357B}.Release|Any CPU.ActiveCfg = Release|Any CPU
		{EC8E6A37-CE3E-4CDB-B9BD-B4398D66357B}.Release|Any CPU.Build.0 = Release|Any CPU
		{D6B606BC-F86D-4861-A99C-37B5689C6E1B}.Debug|Any CPU.ActiveCfg = Debug|Any CPU
		{D6B606BC-F86D-4861-A99C-37B5689C6E1B}.Debug|Any CPU.Build.0 = Debug|Any CPU
		{D6B606BC-F86D-4861-A99C-37B5689C6E1B}.Release|Any CPU.ActiveCfg = Release|Any CPU
		{D6B606BC-F86D-4861-A99C-37B5689C6E1B}.Release|Any CPU.Build.0 = Release|Any CPU
		{D4B26DC8-0694-4FF1-8496-18C80C37A2B7}.Debug|Any CPU.ActiveCfg = Debug|Any CPU
		{D4B26DC8-0694-4FF1-8496-18C80C37A2B7}.Debug|Any CPU.Build.0 = Debug|Any CPU
		{D4B26DC8-0694-4FF1-8496-18C80C37A2B7}.Release|Any CPU.ActiveCfg = Release|Any CPU
		{D4B26DC8-0694-4FF1-8496-18C80C37A2B7}.Release|Any CPU.Build.0 = Release|Any CPU
		{52F752FB-E432-4CD6-809D-0FF1E8767F5C}.Debug|Any CPU.ActiveCfg = Debug|Any CPU
		{52F752FB-E432-4CD6-809D-0FF1E8767F5C}.Debug|Any CPU.Build.0 = Debug|Any CPU
		{52F752FB-E432-4CD6-809D-0FF1E8767F5C}.Release|Any CPU.ActiveCfg = Release|Any CPU
		{52F752FB-E432-4CD6-809D-0FF1E8767F5C}.Release|Any CPU.Build.0 = Release|Any CPU
		{09E41724-B36E-40C7-B6CC-BBCF27AF6970}.Debug|Any CPU.ActiveCfg = Debug|Any CPU
		{09E41724-B36E-40C7-B6CC-BBCF27AF6970}.Debug|Any CPU.Build.0 = Debug|Any CPU
		{09E41724-B36E-40C7-B6CC-BBCF27AF6970}.Release|Any CPU.ActiveCfg = Release|Any CPU
		{09E41724-B36E-40C7-B6CC-BBCF27AF6970}.Release|Any CPU.Build.0 = Release|Any CPU
		{62630D27-420F-43BC-AC04-88215DDCA4B2}.Debug|Any CPU.ActiveCfg = Debug|Any CPU
		{62630D27-420F-43BC-AC04-88215DDCA4B2}.Debug|Any CPU.Build.0 = Debug|Any CPU
		{62630D27-420F-43BC-AC04-88215DDCA4B2}.Release|Any CPU.ActiveCfg = Release|Any CPU
		{62630D27-420F-43BC-AC04-88215DDCA4B2}.Release|Any CPU.Build.0 = Release|Any CPU
	EndGlobalSection
	GlobalSection(SolutionProperties) = preSolution
		HideSolutionNode = FALSE
	EndGlobalSection
	GlobalSection(NestedProjects) = preSolution
		{5037A8B9-5022-4968-ABD7-BCB9AB04F9FA} = {89F3375F-5332-4AAD-AD11-578609397711}
		{744A5B39-BEEF-4ED5-92A1-514234F9D8B0} = {89F3375F-5332-4AAD-AD11-578609397711}
		{8A078C94-942F-44FC-9419-F561D636C122} = {82752B39-4E29-4BE2-9574-4C0FBBB21597}
		{BF395EAB-AE20-444A-BD28-E0E80B2BDC6D} = {777A469F-C866-4A3F-A19D-C9E279D2D432}
		{11348832-5C14-4B21-9980-B946398BCD97} = {777A469F-C866-4A3F-A19D-C9E279D2D432}
		{C63C96CC-1E99-42C6-8A4C-75CFC42D57D9} = {9BA2D095-D874-4FE3-A334-E57C16DDBC18}
		{82752B39-4E29-4BE2-9574-4C0FBBB21597} = {9BA2D095-D874-4FE3-A334-E57C16DDBC18}
		{EBEE9B38-D535-417E-9DFC-B699839BA1AE} = {9BA2D095-D874-4FE3-A334-E57C16DDBC18}
		{66B0D852-32BB-4924-9C04-DB7978C1889A} = {9BA2D095-D874-4FE3-A334-E57C16DDBC18}
		{5620A126-F39E-43E0-8BDB-B7862931AE4B} = {C63C96CC-1E99-42C6-8A4C-75CFC42D57D9}
		{5058BF9E-006C-4324-800A-A0B91D1A0BC3} = {9BA2D095-D874-4FE3-A334-E57C16DDBC18}
		{7DC591B6-D3A8-4236-85E8-97506E5700F4} = {5058BF9E-006C-4324-800A-A0B91D1A0BC3}
		{75458650-4830-4517-ABC2-4C650823046A} = {D645E618-7188-454E-9F5C-24739CA75A00}
		{86B5450B-D95A-405F-9568-4B9502668537} = {D645E618-7188-454E-9F5C-24739CA75A00}
		{5FD4E2FA-E46D-4F91-93B8-4BC98A7F2E70} = {D645E618-7188-454E-9F5C-24739CA75A00}
		{EDA9F3E4-EB6F-4F5F-8150-9644D2C08537} = {D645E618-7188-454E-9F5C-24739CA75A00}
		{BBA5B9BA-7CA5-4896-B912-71568E93C599} = {D645E618-7188-454E-9F5C-24739CA75A00}
		{F56DAFEE-1F84-4991-A639-6F7A09D7F758} = {D645E618-7188-454E-9F5C-24739CA75A00}
		{BE522400-F8FD-452C-A983-C7F496E77F37} = {D645E618-7188-454E-9F5C-24739CA75A00}
		{D795734E-07D1-496D-B89E-02CA20FA2755} = {D645E618-7188-454E-9F5C-24739CA75A00}
		{EC8E6A37-CE3E-4CDB-B9BD-B4398D66357B} = {D645E618-7188-454E-9F5C-24739CA75A00}
		{D6B606BC-F86D-4861-A99C-37B5689C6E1B} = {D645E618-7188-454E-9F5C-24739CA75A00}
		{D4B26DC8-0694-4FF1-8496-18C80C37A2B7} = {D645E618-7188-454E-9F5C-24739CA75A00}
		{52F752FB-E432-4CD6-809D-0FF1E8767F5C} = {D645E618-7188-454E-9F5C-24739CA75A00}
		{09E41724-B36E-40C7-B6CC-BBCF27AF6970} = {777A469F-C866-4A3F-A19D-C9E279D2D432}
		{62630D27-420F-43BC-AC04-88215DDCA4B2} = {D645E618-7188-454E-9F5C-24739CA75A00}
	EndGlobalSection
	GlobalSection(ExtensibilityGlobals) = postSolution
		SolutionGuid = {42646484-1E58-4A69-8DD7-1275291D8B4D}
	EndGlobalSection
EndGlobal
